
Microsoft Visual Studio Solution File, Format Version 12.00
# Visual Studio Version 17
VisualStudioVersion = 17.9.34723.18
MinimumVisualStudioVersion = 10.0.40219.1
Project("{FAE04EC0-301F-11D3-BF4B-00C04F79EFBC}") = "WindowsFormsApp2", "WindowsFormsApp2\WindowsFormsApp2.csproj", "{53066EE6-97DE-48D7-AC3C-D7085DD8D189}"
EndProject
Global
	GlobalSection(SolutionConfigurationPlatforms) = preSolution
		Debug|Any CPU = Debug|Any CPU
		Release|Any CPU = Release|Any CPU
	EndGlobalSection
	GlobalSection(ProjectConfigurationPlatforms) = postSolution
		{53066EE6-97DE-48D7-AC3C-D7085DD8D189}.Debug|Any CPU.ActiveCfg = Debug|Any CPU
		{53066EE6-97DE-48D7-AC3C-D7085DD8D189}.Debug|Any CPU.Build.0 = Debug|Any CPU
		{53066EE6-97DE-48D7-AC3C-D7085DD8D189}.Release|Any CPU.ActiveCfg = Release|Any CPU
		{53066EE6-97DE-48D7-AC3C-D7085DD8D189}.Release|Any CPU.Build.0 = Release|Any CPU
	EndGlobalSection
	GlobalSection(SolutionProperties) = preSolution
		HideSolutionNode = FALSE
	EndGlobalSection
	GlobalSection(ExtensibilityGlobals) = postSolution
		SolutionGuid = {EA6106EB-F2E2-42ED-9F07-5955A839001F}
	EndGlobalSection
EndGlobal
